
Microsoft Visual Studio Solution File, Format Version 12.00
# Visual Studio Version 16
VisualStudioVersion = 16.0.30907.101
MinimumVisualStudioVersion = 10.0.40219.1
Project("{FAE04EC0-301F-11D3-BF4B-00C04F79EFBC}") = "Phone Number", "Phone Number\Phone Number.csproj", "{B8ACE059-CE38-430A-AB04-7977DCA7FDFA}"
EndProject
Global
	GlobalSection(SolutionConfigurationPlatforms) = preSolution
		Debug|Any CPU = Debug|Any CPU
		Release|Any CPU = Release|Any CPU
	EndGlobalSection
	GlobalSection(ProjectConfigurationPlatforms) = postSolution
		{B8ACE059-CE38-430A-AB04-7977DCA7FDFA}.Debug|Any CPU.ActiveCfg = Debug|Any CPU
		{B8ACE059-CE38-430A-AB04-7977DCA7FDFA}.Debug|Any CPU.Build.0 = Debug|Any CPU
		{B8ACE059-CE38-430A-AB04-7977DCA7FDFA}.Release|Any CPU.ActiveCfg = Release|Any CPU
		{B8ACE059-CE38-430A-AB04-7977DCA7FDFA}.Release|Any CPU.Build.0 = Release|Any CPU
	EndGlobalSection
	GlobalSection(SolutionProperties) = preSolution
		HideSolutionNode = FALSE
	EndGlobalSection
	GlobalSection(ExtensibilityGlobals) = postSolution
		SolutionGuid = {56A87A24-DBE0-471D-9D8E-3926A37BB0E3}
	EndGlobalSection
EndGlobal
